{
  "name": "as-hot-storage",
  "version": "1.0.0",
  "lockfileVersion": 3,
  "requires": true,
  "packages": {
    "": {
      "name": "as-hot-storage",
      "version": "1.0.0",
      "license": "GPL-3.0",
      "devDependencies": {
        "@types/node": "^18.15.11",
        "assemblyscript": "^0.27.1",
        "assemblyscript-json": "^1.1.0",
        "chalk": "^5.2.0",
        "tap-parser": "^12.0.1"
      }
    },
    "node_modules/@types/node": {
      "version": "18.15.11",
      "resolved": "https://registry.npmjs.org/@types/node/-/node-18.15.11.tgz",
      "integrity": "sha512-E5Kwq2n4SbMzQOn6wnmBjuK9ouqlURrcZDVfbo9ftDDTFt3nk7ZKK4GMOzoYgnpQJKcxwQw+lGaBvvlMo0qN/Q==",
      "dev": true
    },
    "node_modules/assemblyscript": {
      "version": "0.27.1",
      "resolved": "https://registry.npmjs.org/assemblyscript/-/assemblyscript-0.27.1.tgz",
      "integrity": "sha512-0ZS9ujdoSAjuwc+qdZ4PeZy32wFh3U2GVy7/G2dfDr/5i0jOmWY29AaFsiNxDQ7z6MOeTo9YpNLfIqZ1WWzh8A==",
      "dev": true,
      "dependencies": {
        "binaryen": "111.0.0-nightly.20230202",
        "long": "^5.2.1"
      },
      "bin": {
        "asc": "bin/asc.js",
        "asinit": "bin/asinit.js"
      },
      "engines": {
        "node": ">=16",
        "npm": ">=7"
      },
      "funding": {
        "type": "opencollective",
        "url": "https://opencollective.com/assemblyscript"
      }
    },
    "node_modules/assemblyscript-json": {
      "version": "1.1.0",
      "resolved": "https://registry.npmjs.org/assemblyscript-json/-/assemblyscript-json-1.1.0.tgz",
      "integrity": "sha512-UbE8ts8csTWQgd5TnSPN7MRV9NveuHv1bVnKmDLoo/tzjqxkmsZb3lu59Uk8H7SGoqdkDSEE049alx/nHnSdFw==",
      "dev": true
    },
    "node_modules/binaryen": {
      "version": "111.0.0-nightly.20230202",
      "resolved": "https://registry.npmjs.org/binaryen/-/binaryen-111.0.0-nightly.20230202.tgz",
      "integrity": "sha512-aGMDtxmc8zQHzAamyOBvO38n2e/GuXM0dZCJg+IuG2YUQODTqI37XSkAixS8c0wXn2dgLntDMk1VDblKCsy0GA==",
      "dev": true,
      "bin": {
        "wasm-opt": "bin/wasm-opt",
        "wasm2js": "bin/wasm2js"
      }
    },
    "node_modules/chalk": {
      "version": "5.2.0",
      "resolved": "https://registry.npmjs.org/chalk/-/chalk-5.2.0.tgz",
      "integrity": "sha512-ree3Gqw/nazQAPuJJEy+avdl7QfZMcUvmHIKgEZkGL+xOBzRvup5Hxo6LHuMceSxOabuJLJm5Yp/92R9eMmMvA==",
      "dev": true,
      "engines": {
        "node": "^12.17.0 || ^14.13 || >=16.0.0"
      },
      "funding": {
        "url": "https://github.com/chalk/chalk?sponsor=1"
      }
    },
    "node_modules/events-to-array": {
      "version": "2.0.3",
      "resolved": "https://registry.npmjs.org/events-to-array/-/events-to-array-2.0.3.tgz",
      "integrity": "sha512-f/qE2gImHRa4Cp2y1stEOSgw8wTFyUdVJX7G//bMwbaV9JqISFxg99NbmVQeP7YLnDUZ2un851jlaDrlpmGehQ==",
      "dev": true,
      "engines": {
        "node": ">=12"
      }
    },
    "node_modules/long": {
      "version": "5.2.1",
      "resolved": "https://registry.npmjs.org/long/-/long-5.2.1.tgz",
      "integrity": "sha512-GKSNGeNAtw8IryjjkhZxuKB3JzlcLTwjtiQCHKvqQet81I93kXslhDQruGI/QsddO83mcDToBVy7GqGS/zYf/A==",
      "dev": true
    },
    "node_modules/tap-parser": {
      "version": "12.0.1",
      "resolved": "https://registry.npmjs.org/tap-parser/-/tap-parser-12.0.1.tgz",
      "integrity": "sha512-MHeYGwFyDxmIbDWoOp52gQze6iBh6R2c9rgfhyhCsxMHAbgggEDn0EmL/RFtra8XJY4fjV6E4CiyBTiHkiCBsg==",
      "dev": true,
      "dependencies": {
        "events-to-array": "^2.0.3",
        "tap-yaml": "^1.0.2"
      },
      "bin": {
        "tap-parser": "bin/cmd.js"
      },
      "engines": {
        "node": ">= 12"
      }
    },
    "node_modules/tap-yaml": {
      "version": "1.0.2",
      "resolved": "https://registry.npmjs.org/tap-yaml/-/tap-yaml-1.0.2.tgz",
      "integrity": "sha512-GegASpuqBnRNdT1U+yuUPZ8rEU64pL35WPBpCISWwff4dErS2/438barz7WFJl4Nzh3Y05tfPidZnH+GaV1wMg==",
      "dev": true,
      "dependencies": {
        "yaml": "^1.10.2"
      }
    },
    "node_modules/yaml": {
      "version": "1.10.2",
      "resolved": "https://registry.npmjs.org/yaml/-/yaml-1.10.2.tgz",
      "integrity": "sha512-r3vXyErRCYJ7wg28yvBY5VSoAF8ZvlcW9/BwUzEtUsjvX/DKs24dIkuwjtuprwJJHsbyUbLApepYTR1BN4uHrg==",
      "dev": true,
      "engines": {
        "node": ">= 6"
      }
    }
  }
}
